Microsoft Visual Studio Solution File, Format Version 12.00
# Visual Studio 15
VisualStudioVersion = 15.0.26124.0
MinimumVisualStudioVersion = 15.0.26124.0
Project("{2150E333-8FDC-42A3-9474-1A3956D46DE8}") = "src", "src", "{7D6F62ED-7F55-4559-82F9-C7AC1A40E614}"
EndProject
Project("{9A19103F-16F7-4668-BE54-9A1E7A4F7556}") = "Persimmock", "src\Persimmock\Persimmock.fsproj", "{50299CB6-7196-419F-916D-8584AE6B5566}"
EndProject
Project("{2150E333-8FDC-42A3-9474-1A3956D46DE8}") = "tests", "tests", "{EEEA63D2-847C-4233-9D3C-30B2AE5C27F4}"
EndProject
Project("{9A19103F-16F7-4668-BE54-9A1E7A4F7556}") = "Persimmock.Tests", "tests\Persimmock.Tests\Persimmock.Tests.fsproj", "{66348A51-FE4D-4C6E-B14B-1AAF78383360}"
EndProject
Global
	GlobalSection(SolutionConfigurationPlatforms) = preSolution
		Debug|Any CPU = Debug|Any CPU
		Debug|x64 = Debug|x64
		Debug|x86 = Debug|x86
		Release|Any CPU = Release|Any CPU
		Release|x64 = Release|x64
		Release|x86 = Release|x86
	EndGlobalSection
	GlobalSection(ProjectConfigurationPlatforms) = postSolution
		{50299CB6-7196-419F-916D-8584AE6B5566}.Debug|Any CPU.ActiveCfg = Debug|Any CPU
		{50299CB6-7196-419F-916D-8584AE6B5566}.Debug|Any CPU.Build.0 = Debug|Any CPU
		{50299CB6-7196-419F-916D-8584AE6B5566}.Debug|x64.ActiveCfg = Debug|Any CPU
		{50299CB6-7196-419F-916D-8584AE6B5566}.Debug|x64.Build.0 = Debug|Any CPU
		{50299CB6-7196-419F-916D-8584AE6B5566}.Debug|x86.ActiveCfg = Debug|Any CPU
		{50299CB6-7196-419F-916D-8584AE6B5566}.Debug|x86.Build.0 = Debug|Any CPU
		{50299CB6-7196-419F-916D-8584AE6B5566}.Release|Any CPU.ActiveCfg = Release|Any CPU
		{50299CB6-7196-419F-916D-8584AE6B5566}.Release|Any CPU.Build.0 = Release|Any CPU
		{50299CB6-7196-419F-916D-8584AE6B5566}.Release|x64.ActiveCfg = Release|Any CPU
		{50299CB6-7196-419F-916D-8584AE6B5566}.Release|x64.Build.0 = Release|Any CPU
		{50299CB6-7196-419F-916D-8584AE6B5566}.Release|x86.ActiveCfg = Release|Any CPU
		{50299CB6-7196-419F-916D-8584AE6B5566}.Release|x86.Build.0 = Release|Any CPU
		{66348A51-FE4D-4C6E-B14B-1AAF78383360}.Debug|Any CPU.ActiveCfg = Debug|Any CPU
		{66348A51-FE4D-4C6E-B14B-1AAF78383360}.Debug|Any CPU.Build.0 = Debug|Any CPU
		{66348A51-FE4D-4C6E-B14B-1AAF78383360}.Debug|x64.ActiveCfg = Debug|Any CPU
		{66348A51-FE4D-4C6E-B14B-1AAF78383360}.Debug|x64.Build.0 = Debug|Any CPU
		{66348A51-FE4D-4C6E-B14B-1AAF78383360}.Debug|x86.ActiveCfg = Debug|Any CPU
		{66348A51-FE4D-4C6E-B14B-1AAF78383360}.Debug|x86.Build.0 = Debug|Any CPU
		{66348A51-FE4D-4C6E-B14B-1AAF78383360}.Release|Any CPU.ActiveCfg = Release|Any CPU
		{66348A51-FE4D-4C6E-B14B-1AAF78383360}.Release|Any CPU.Build.0 = Release|Any CPU
		{66348A51-FE4D-4C6E-B14B-1AAF78383360}.Release|x64.ActiveCfg = Release|Any CPU
		{66348A51-FE4D-4C6E-B14B-1AAF78383360}.Release|x64.Build.0 = Release|Any CPU
		{66348A51-FE4D-4C6E-B14B-1AAF78383360}.Release|x86.ActiveCfg = Release|Any CPU
		{66348A51-FE4D-4C6E-B14B-1AAF78383360}.Release|x86.Build.0 = Release|Any CPU
	EndGlobalSection
	GlobalSection(SolutionProperties) = preSolution
		HideSolutionNode = FALSE
	EndGlobalSection
	GlobalSection(NestedProjects) = preSolution
		{50299CB6-7196-419F-916D-8584AE6B5566} = {7D6F62ED-7F55-4559-82F9-C7AC1A40E614}
		{66348A51-FE4D-4C6E-B14B-1AAF78383360} = {EEEA63D2-847C-4233-9D3C-30B2AE5C27F4}
	EndGlobalSection
	GlobalSection(ExtensibilityGlobals) = postSolution
		SolutionGuid = {BCC7D321-54A5-4C57-A736-4B2F3D481375}
	EndGlobalSection
EndGlobal
